Microsoft Visual Studio Solution File, Format Version 11.00
# Visual Studio 2008

Project("{ABC944B5-E364-AD5D-01F6-472A6993CF1D}") = "Project03_11_2014-02", "Assembly-CSharp-vs.csproj", "{BE2A08AA-E2A3-8F11-D40C-9D3F922E4603}"
EndProject
Global
	GlobalSection(SolutionConfigurationPlatforms) = preSolution
		Debug|Any CPU = Debug|Any CPU
		Release|Any CPU = Release|Any CPU
	EndGlobalSection
	GlobalSection(ProjectConfigurationPlatforms) = postSolution
		{BE2A08AA-E2A3-8F11-D40C-9D3F922E4603}.Debug|Any CPU.ActiveCfg = Debug|Any CPU
		{BE2A08AA-E2A3-8F11-D40C-9D3F922E4603}.Debug|Any CPU.Build.0 = Debug|Any CPU
		{BE2A08AA-E2A3-8F11-D40C-9D3F922E4603}.Release|Any CPU.ActiveCfg = Release|Any CPU
		{BE2A08AA-E2A3-8F11-D40C-9D3F922E4603}.Release|Any CPU.Build.0 = Release|Any CPU
	EndGlobalSection
	GlobalSection(SolutionProperties) = preSolution
		HideSolutionNode = FALSE
	EndGlobalSection
				GlobalSection(MonoDevelopProperties) = preSolution
		StartupItem = Assembly-CSharp.csproj
		Policies = $0
		$0.TextStylePolicy = $1
		$1.inheritsSet = null
		$1.scope = text/x-csharp
		$0.CSharpFormattingPolicy = $2
		$2.inheritsSet = Mono
		$2.inheritsScope = text/x-csharp
		$2.scope = text/x-csharp
		$0.TextStylePolicy = $3
		$3.FileWidth = 120
		$3.TabWidth = 4
		$3.EolMarker = Unix
		$3.inheritsSet = Mono
		$3.inheritsScope = text/plain
		$3.scope = text/plain
	EndGlobalSection

EndGlobal
